<?xml version="1.0" encoding="utf-8"?>
<Project ToolsVersion="4.0" xmlns="http://schemas.microsoft.com/developer/msbuild/2003">
  <ItemGroup>
    <Filter Include="Source">
      <UniqueIdentifier>{3880d018-2395-4502-abfe-4b83e0817aab}</UniqueIdentifier>
    </Filter>
    <Filter Include="Source\Features">
      <UniqueIdentifier>{fab65239-dc01-4103-8295-14bacbb77c9e}</UniqueIdentifier>
    </Filter>
  </ItemGroup>
  <ItemGroup>
    <ClInclude Include="targetver.h">
      <Filter>Source</Filter>
    </ClInclude>
    <ClInclude Include="pch.h">
      <Filter>Source</Filter>
    </ClInclude>
  </ItemGroup>
  <ItemGroup>
    <ClCompile Include="pch.cpp">
      <Filter>Source</Filter>
    </ClCompile>
    <ClCompile Include="Features\PropertyReplacer.cpp">
      <Filter>Source\Features</Filter>
    </ClCompile>
    <ClCompile Include="Features\PropertyListPostInit.cpp">
      <Filter>Source\Features</Filter>
    </ClCompile>
    <ClCompile Include="Features\PropertyListDuplicator.cpp">
      <Filter>Source\Features</Filter>
    </ClCompile>
    <ClCompile Include="Features\PaletteIcons.cpp">
      <Filter>Source\Features</Filter>
    </ClCompile>
    <ClCompile Include="dllmain.cpp">
      <Filter>Source</Filter>
    </ClCompile>
  </ItemGroup>
  <ItemGroup>
    <None Include="SdkPathConfig.props" />
  </ItemGroup>
</Project>